Microsoft Visual Studio Solution File, Format Version 12.00
# Visual Studio Version 17
VisualStudioVersion = 17.5.2.0
MinimumVisualStudioVersion = 10.0.40219.1
Project("{2150E333-8FDC-42A3-9474-1A3956D46DE8}") = "src", "src", "{827E0CD3-B72D-47B6-A68D-7590B98EB39B}"
EndProject
Project("{2150E333-8FDC-42A3-9474-1A3956D46DE8}") = "Application", "Application", "{22BAF98C-8415-17C4-B26A-D537657BC863}"
EndProject
Project("{FAE04EC0-301F-11D3-BF4B-00C04F79EFBC}") = "Odoonto.Application", "src\Application\Odoonto.Application\Odoonto.Application.csproj", "{58419B9A-2EE4-0F87-9B4D-8065457357EA}"
EndProject
Project("{2150E333-8FDC-42A3-9474-1A3956D46DE8}") = "Data", "Data", "{58A5B24B-8FB4-5A6E-5EF4-1E3E19F29B1B}"
EndProject
Project("{FAE04EC0-301F-11D3-BF4B-00C04F79EFBC}") = "Odoonto.Data", "src\Data\Odoonto.Data\Odoonto.Data.csproj", "{A694587B-63F8-2391-9170-E9306C9D3C10}"
EndProject
Project("{FAE04EC0-301F-11D3-BF4B-00C04F79EFBC}") = "Odoonto.Data.Contexts", "src\Data\Odoonto.Data.Contexts\Odoonto.Data.Contexts.csproj", "{6F425610-8BB7-8EAF-4811-329A58429507}"
EndProject
Project("{FAE04EC0-301F-11D3-BF4B-00C04F79EFBC}") = "Odoonto.Data.Core", "src\Data\Odoonto.Data.Core\Odoonto.Data.Core.csproj", "{E8A4EC35-9818-CBD4-5476-D1B180A0DB6C}"
EndProject
Project("{2150E333-8FDC-42A3-9474-1A3956D46DE8}") = "Domain", "Domain", "{8B290487-4C16-E85E-E807-F579CBE9FC4D}"
EndProject
Project("{FAE04EC0-301F-11D3-BF4B-00C04F79EFBC}") = "Odoonto.Domain", "src\Domain\Odoonto.Domain\Odoonto.Domain.csproj", "{C0FBAC66-C541-F164-12D5-E607314281EE}"
EndProject
Project("{FAE04EC0-301F-11D3-BF4B-00C04F79EFBC}") = "Odoonto.Domain.Core", "src\Domain\Odoonto.Domain.Core\Odoonto.Domain.Core.csproj", "{7526D0F2-C3AF-CF61-453B-43868C9B4FE9}"
EndProject
Project("{2150E333-8FDC-42A3-9474-1A3956D46DE8}") = "Infrastructure", "Infrastructure", "{9048EB7F-3875-A59E-E36B-5BD4C6F2A282}"
EndProject
Project("{FAE04EC0-301F-11D3-BF4B-00C04F79EFBC}") = "Odoonto.Infrastructure.Configuration", "src\Infrastructure\Odoonto.Infrastructure.Configuration\Odoonto.Infrastructure.Configuration.csproj", "{63331521-9FCE-A899-4327-333370872488}"
EndProject
Project("{FAE04EC0-301F-11D3-BF4B-00C04F79EFBC}") = "Odoonto.Infrastructure.InversionOfControl", "src\Infrastructure\Odoonto.Infrastructure.InversionOfControl\Odoonto.Infrastructure.InversionOfControl.csproj", "{A04CC0C7-92A2-31D7-038F-2F3BE2DE3B43}"
EndProject
Project("{2150E333-8FDC-42A3-9474-1A3956D46DE8}") = "Presentation", "Presentation", "{6996BBF7-DB31-59BC-C7DD-9A7CCC6138C4}"
EndProject
Project("{FAE04EC0-301F-11D3-BF4B-00C04F79EFBC}") = "Odoonto.UI.Server", "src\Presentation\Odoonto.UI.Server\Odoonto.UI.Server.csproj", "{3D5309AD-AE13-8EDF-257B-8D88466C88A1}"
EndProject
Global
	GlobalSection(SolutionConfigurationPlatforms) = preSolution
		Debug|Any CPU = Debug|Any CPU
		Release|Any CPU = Release|Any CPU
	EndGlobalSection
	GlobalSection(ProjectConfigurationPlatforms) = postSolution
		{58419B9A-2EE4-0F87-9B4D-8065457357EA}.Debug|Any CPU.ActiveCfg = Debug|Any CPU
		{58419B9A-2EE4-0F87-9B4D-8065457357EA}.Debug|Any CPU.Build.0 = Debug|Any CPU
		{58419B9A-2EE4-0F87-9B4D-8065457357EA}.Release|Any CPU.ActiveCfg = Release|Any CPU
		{58419B9A-2EE4-0F87-9B4D-8065457357EA}.Release|Any CPU.Build.0 = Release|Any CPU
		{A694587B-63F8-2391-9170-E9306C9D3C10}.Debug|Any CPU.ActiveCfg = Debug|Any CPU
		{A694587B-63F8-2391-9170-E9306C9D3C10}.Debug|Any CPU.Build.0 = Debug|Any CPU
		{A694587B-63F8-2391-9170-E9306C9D3C10}.Release|Any CPU.ActiveCfg = Release|Any CPU
		{A694587B-63F8-2391-9170-E9306C9D3C10}.Release|Any CPU.Build.0 = Release|Any CPU
		{6F425610-8BB7-8EAF-4811-329A58429507}.Debug|Any CPU.ActiveCfg = Debug|Any CPU
		{6F425610-8BB7-8EAF-4811-329A58429507}.Debug|Any CPU.Build.0 = Debug|Any CPU
		{6F425610-8BB7-8EAF-4811-329A58429507}.Release|Any CPU.ActiveCfg = Release|Any CPU
		{6F425610-8BB7-8EAF-4811-329A58429507}.Release|Any CPU.Build.0 = Release|Any CPU
		{E8A4EC35-9818-CBD4-5476-D1B180A0DB6C}.Debug|Any CPU.ActiveCfg = Debug|Any CPU
		{E8A4EC35-9818-CBD4-5476-D1B180A0DB6C}.Debug|Any CPU.Build.0 = Debug|Any CPU
		{E8A4EC35-9818-CBD4-5476-D1B180A0DB6C}.Release|Any CPU.ActiveCfg = Release|Any CPU
		{E8A4EC35-9818-CBD4-5476-D1B180A0DB6C}.Release|Any CPU.Build.0 = Release|Any CPU
		{C0FBAC66-C541-F164-12D5-E607314281EE}.Debug|Any CPU.ActiveCfg = Debug|Any CPU
		{C0FBAC66-C541-F164-12D5-E607314281EE}.Debug|Any CPU.Build.0 = Debug|Any CPU
		{C0FBAC66-C541-F164-12D5-E607314281EE}.Release|Any CPU.ActiveCfg = Release|Any CPU
		{C0FBAC66-C541-F164-12D5-E607314281EE}.Release|Any CPU.Build.0 = Release|Any CPU
		{7526D0F2-C3AF-CF61-453B-43868C9B4FE9}.Debug|Any CPU.ActiveCfg = Debug|Any CPU
		{7526D0F2-C3AF-CF61-453B-43868C9B4FE9}.Debug|Any CPU.Build.0 = Debug|Any CPU
		{7526D0F2-C3AF-CF61-453B-43868C9B4FE9}.Release|Any CPU.ActiveCfg = Release|Any CPU
		{7526D0F2-C3AF-CF61-453B-43868C9B4FE9}.Release|Any CPU.Build.0 = Release|Any CPU
		{63331521-9FCE-A899-4327-333370872488}.Debug|Any CPU.ActiveCfg = Debug|Any CPU
		{63331521-9FCE-A899-4327-333370872488}.Debug|Any CPU.Build.0 = Debug|Any CPU
		{63331521-9FCE-A899-4327-333370872488}.Release|Any CPU.ActiveCfg = Release|Any CPU
		{63331521-9FCE-A899-4327-333370872488}.Release|Any CPU.Build.0 = Release|Any CPU
		{A04CC0C7-92A2-31D7-038F-2F3BE2DE3B43}.Debug|Any CPU.ActiveCfg = Debug|Any CPU
		{A04CC0C7-92A2-31D7-038F-2F3BE2DE3B43}.Debug|Any CPU.Build.0 = Debug|Any CPU
		{A04CC0C7-92A2-31D7-038F-2F3BE2DE3B43}.Release|Any CPU.ActiveCfg = Release|Any CPU
		{A04CC0C7-92A2-31D7-038F-2F3BE2DE3B43}.Release|Any CPU.Build.0 = Release|Any CPU
		{3D5309AD-AE13-8EDF-257B-8D88466C88A1}.Debug|Any CPU.ActiveCfg = Debug|Any CPU
		{3D5309AD-AE13-8EDF-257B-8D88466C88A1}.Debug|Any CPU.Build.0 = Debug|Any CPU
		{3D5309AD-AE13-8EDF-257B-8D88466C88A1}.Release|Any CPU.ActiveCfg = Release|Any CPU
		{3D5309AD-AE13-8EDF-257B-8D88466C88A1}.Release|Any CPU.Build.0 = Release|Any CPU
	EndGlobalSection
	GlobalSection(SolutionProperties) = preSolution
		HideSolutionNode = FALSE
	EndGlobalSection
	GlobalSection(NestedProjects) = preSolution
		{22BAF98C-8415-17C4-B26A-D537657BC863} = {827E0CD3-B72D-47B6-A68D-7590B98EB39B}
		{58419B9A-2EE4-0F87-9B4D-8065457357EA} = {22BAF98C-8415-17C4-B26A-D537657BC863}
		{58A5B24B-8FB4-5A6E-5EF4-1E3E19F29B1B} = {827E0CD3-B72D-47B6-A68D-7590B98EB39B}
		{A694587B-63F8-2391-9170-E9306C9D3C10} = {58A5B24B-8FB4-5A6E-5EF4-1E3E19F29B1B}
		{6F425610-8BB7-8EAF-4811-329A58429507} = {58A5B24B-8FB4-5A6E-5EF4-1E3E19F29B1B}
		{E8A4EC35-9818-CBD4-5476-D1B180A0DB6C} = {58A5B24B-8FB4-5A6E-5EF4-1E3E19F29B1B}
		{8B290487-4C16-E85E-E807-F579CBE9FC4D} = {827E0CD3-B72D-47B6-A68D-7590B98EB39B}
		{C0FBAC66-C541-F164-12D5-E607314281EE} = {8B290487-4C16-E85E-E807-F579CBE9FC4D}
		{7526D0F2-C3AF-CF61-453B-43868C9B4FE9} = {8B290487-4C16-E85E-E807-F579CBE9FC4D}
		{9048EB7F-3875-A59E-E36B-5BD4C6F2A282} = {827E0CD3-B72D-47B6-A68D-7590B98EB39B}
		{63331521-9FCE-A899-4327-333370872488} = {9048EB7F-3875-A59E-E36B-5BD4C6F2A282}
		{A04CC0C7-92A2-31D7-038F-2F3BE2DE3B43} = {9048EB7F-3875-A59E-E36B-5BD4C6F2A282}
		{6996BBF7-DB31-59BC-C7DD-9A7CCC6138C4} = {827E0CD3-B72D-47B6-A68D-7590B98EB39B}
		{3D5309AD-AE13-8EDF-257B-8D88466C88A1} = {6996BBF7-DB31-59BC-C7DD-9A7CCC6138C4}
	EndGlobalSection
	GlobalSection(ExtensibilityGlobals) = postSolution
		SolutionGuid = {F6286167-0470-434D-A554-57E460862999}
	EndGlobalSection
EndGlobal
