
Microsoft Visual Studio Solution File, Format Version 12.00
# Visual Studio Version 17
VisualStudioVersion = 17.0.31903.59
MinimumVisualStudioVersion = 10.0.40219.1
Project("{FAE04EC0-301F-11D3-BF4B-00C04F79EFBC}") = "Odoonto.Domain", "Odoonto.Domain\Odoonto.Domain.csproj", "{200AAA95-1560-4011-A0B0-A6D59954D08D}"
EndProject
Project("{FAE04EC0-301F-11D3-BF4B-00C04F79EFBC}") = "Odoonto.Domain.Core", "Odoonto.Domain.Core\Odoonto.Domain.Core.csproj", "{0DC357B3-9824-41C4-9B8B-A5BCA0802E1F}"
EndProject
Global
	GlobalSection(SolutionConfigurationPlatforms) = preSolution
		Debug|Any CPU = Debug|Any CPU
		Release|Any CPU = Release|Any CPU
	EndGlobalSection
	GlobalSection(SolutionProperties) = preSolution
		HideSolutionNode = FALSE
	EndGlobalSection
	GlobalSection(ProjectConfigurationPlatforms) = postSolution
		{200AAA95-1560-4011-A0B0-A6D59954D08D}.Debug|Any CPU.ActiveCfg = Debug|Any CPU
		{200AAA95-1560-4011-A0B0-A6D59954D08D}.Debug|Any CPU.Build.0 = Debug|Any CPU
		{200AAA95-1560-4011-A0B0-A6D59954D08D}.Release|Any CPU.ActiveCfg = Release|Any CPU
		{200AAA95-1560-4011-A0B0-A6D59954D08D}.Release|Any CPU.Build.0 = Release|Any CPU
		{0DC357B3-9824-41C4-9B8B-A5BCA0802E1F}.Debug|Any CPU.ActiveCfg = Debug|Any CPU
		{0DC357B3-9824-41C4-9B8B-A5BCA0802E1F}.Debug|Any CPU.Build.0 = Debug|Any CPU
		{0DC357B3-9824-41C4-9B8B-A5BCA0802E1F}.Release|Any CPU.ActiveCfg = Release|Any CPU
		{0DC357B3-9824-41C4-9B8B-A5BCA0802E1F}.Release|Any CPU.Build.0 = Release|Any CPU
	EndGlobalSection
EndGlobal
